
Microsoft Visual Studio Solution File, Format Version 12.00
# Visual Studio Version 17
VisualStudioVersion = 17.10.34607.79
MinimumVisualStudioVersion = 10.0.40219.1
Project("{FAE04EC0-301F-11D3-BF4B-00C04F79EFBC}") = "asal-sayi", "asal-sayi\asal-sayi.csproj", "{BABB3E6F-9246-4C31-AD30-D3D514FAC8BC}"
EndProject
Global
	GlobalSection(SolutionConfigurationPlatforms) = preSolution
		Debug|Any CPU = Debug|Any CPU
		Release|Any CPU = Release|Any CPU
	EndGlobalSection
	GlobalSection(ProjectConfigurationPlatforms) = postSolution
		{BABB3E6F-9246-4C31-AD30-D3D514FAC8BC}.Debug|Any CPU.ActiveCfg = Debug|Any CPU
		{BABB3E6F-9246-4C31-AD30-D3D514FAC8BC}.Debug|Any CPU.Build.0 = Debug|Any CPU
		{BABB3E6F-9246-4C31-AD30-D3D514FAC8BC}.Release|Any CPU.ActiveCfg = Release|Any CPU
		{BABB3E6F-9246-4C31-AD30-D3D514FAC8BC}.Release|Any CPU.Build.0 = Release|Any CPU
	EndGlobalSection
	GlobalSection(SolutionProperties) = preSolution
		HideSolutionNode = FALSE
	EndGlobalSection
	GlobalSection(ExtensibilityGlobals) = postSolution
		SolutionGuid = {1839DC7B-2C2B-4F6F-A33F-64BBEA854640}
	EndGlobalSection
EndGlobal
